// !$*UTF8*$!
{
	archiveVersion = 1;
	classes = {
	};
	objectVersion = 46;
	objects = {

/* Begin PBXBuildFile section */
		EC2A5DC51BE06FF10089B7D5 /* main.m in Sources */ = {isa = PBXBuildFile; fileRef = EC2A5DC41BE06FF10089B7D5 /* main.m */; };
		EC2A5DC81BE06FF10089B7D5 /* AppDelegate.m in Sources */ = {isa = PBXBuildFile; fileRef = EC2A5DC71BE06FF10089B7D5 /* AppDelegate.m */; };
		EC2A5DCB1BE06FF10089B7D5 /* ViewController.m in Sources */ = {isa = PBXBuildFile; fileRef = EC2A5DCA1BE06FF10089B7D5 /* ViewController.m */; };
		EC2A5DCE1BE06FF10089B7D5 /* Main.storyboard in Resources */ = {isa = PBXBuildFile; fileRef = EC2A5DCC1BE06FF10089B7D5 /* Main.storyboard */; };
		EC2A5DD01BE06FF10089B7D5 /* Assets.xcassets in Resources */ = {isa = PBXBuildFile; fileRef = EC2A5DCF1BE06FF10089B7D5 /* Assets.xcassets */; };
		EC2A5DD31BE06FF10089B7D5 /* LaunchScreen.storyboard in Resources */ = {isa = PBXBuildFile; fileRef = EC2A5DD11BE06FF10089B7D5 /* LaunchScreen.storyboard */; };
		EC2A5DDE1BE06FF10089B7D5 /* PullDemoTests.m in Sources */ = {isa = PBXBuildFile; fileRef = EC2A5DDD1BE06FF10089B7D5 /* PullDemoTests.m */; };
		EC2A5DE91BE06FF10089B7D5 /* PullDemoUITests.m in Sources */ = {isa = PBXBuildFile; fileRef = EC2A5DE81BE06FF10089B7D5 /* PullDemoUITests.m */; };
		EC2A5ECB1BE071380089B7D5 /* NSData+ImageContentType.m in Sources */ = {isa = PBXBuildFile; fileRef = EC2A5EAF1BE071380089B7D5 /* NSData+ImageContentType.m */; };
		EC2A5ECC1BE071380089B7D5 /* SDImageCache.m in Sources */ = {isa = PBXBuildFile; fileRef = EC2A5EB11BE071380089B7D5 /* SDImageCache.m */; };
		EC2A5ECD1BE071380089B7D5 /* SDWebImageCompat.m in Sources */ = {isa = PBXBuildFile; fileRef = EC2A5EB31BE071380089B7D5 /* SDWebImageCompat.m */; };
		EC2A5ECE1BE071380089B7D5 /* SDWebImageDecoder.m in Sources */ = {isa = PBXBuildFile; fileRef = EC2A5EB51BE071380089B7D5 /* SDWebImageDecoder.m */; };
		EC2A5ECF1BE071380089B7D5 /* SDWebImageDownloader.m in Sources */ = {isa = PBXBuildFile; fileRef = EC2A5EB71BE071380089B7D5 /* SDWebImageDownloader.m */; };
		EC2A5ED01BE071380089B7D5 /* SDWebImageDownloaderOperation.m in Sources */ = {isa = PBXBuildFile; fileRef = EC2A5EB91BE071380089B7D5 /* SDWebImageDownloaderOperation.m */; };
		EC2A5ED11BE071380089B7D5 /* SDWebImageManager.m in Sources */ = {isa = PBXBuildFile; fileRef = EC2A5EBB1BE071380089B7D5 /* SDWebImageManager.m */; };
		EC2A5ED21BE071380089B7D5 /* SDWebImagePrefetcher.m in Sources */ = {isa = PBXBuildFile; fileRef = EC2A5EBE1BE071380089B7D5 /* SDWebImagePrefetcher.m */; };
		EC2A5ED31BE071380089B7D5 /* UIButton+WebCache.m in Sources */ = {isa = PBXBuildFile; fileRef = EC2A5EC01BE071380089B7D5 /* UIButton+WebCache.m */; };
		EC2A5ED41BE071380089B7D5 /* UIImage+GIF.m in Sources */ = {isa = PBXBuildFile; fileRef = EC2A5EC21BE071380089B7D5 /* UIImage+GIF.m */; };
		EC2A5ED51BE071380089B7D5 /* UIImage+MultiFormat.m in Sources */ = {isa = PBXBuildFile; fileRef = EC2A5EC41BE071380089B7D5 /* UIImage+MultiFormat.m */; };
		EC2A5ED61BE071380089B7D5 /* UIImageView+HighlightedWebCache.m in Sources */ = {isa = PBXBuildFile; fileRef = EC2A5EC61BE071380089B7D5 /* UIImageView+HighlightedWebCache.m */; };
		EC2A5ED71BE071380089B7D5 /* UIImageView+WebCache.m in Sources */ = {isa = PBXBuildFile; fileRef = EC2A5EC81BE071380089B7D5 /* UIImageView+WebCache.m */; };
		EC2A5ED81BE071380089B7D5 /* UIView+WebCacheOperation.m in Sources */ = {isa = PBXBuildFile; fileRef = EC2A5ECA1BE071380089B7D5 /* UIView+WebCacheOperation.m */; };
		EC2A5F011BE071450089B7D5 /* AFHTTPRequestOperation.m in Sources */ = {isa = PBXBuildFile; fileRef = EC2A5EDB1BE071450089B7D5 /* AFHTTPRequestOperation.m */; };
		EC2A5F021BE071450089B7D5 /* AFHTTPRequestOperationManager.m in Sources */ = {isa = PBXBuildFile; fileRef = EC2A5EDD1BE071450089B7D5 /* AFHTTPRequestOperationManager.m */; };
		EC2A5F031BE071450089B7D5 /* AFHTTPSessionManager.m in Sources */ = {isa = PBXBuildFile; fileRef = EC2A5EDF1BE071450089B7D5 /* AFHTTPSessionManager.m */; };
		EC2A5F051BE071450089B7D5 /* AFNetworkReachabilityManager.m in Sources */ = {isa = PBXBuildFile; fileRef = EC2A5EE41BE071450089B7D5 /* AFNetworkReachabilityManager.m */; };
		EC2A5F061BE071450089B7D5 /* AFSecurityPolicy.m in Sources */ = {isa = PBXBuildFile; fileRef = EC2A5EE61BE071450089B7D5 /* AFSecurityPolicy.m */; };
		EC2A5F071BE071450089B7D5 /* AFURLConnectionOperation.m in Sources */ = {isa = PBXBuildFile; fileRef = EC2A5EE81BE071450089B7D5 /* AFURLConnectionOperation.m */; };
		EC2A5F081BE071450089B7D5 /* AFURLRequestSerialization.m in Sources */ = {isa = PBXBuildFile; fileRef = EC2A5EEA1BE071450089B7D5 /* AFURLRequestSerialization.m */; };
		EC2A5F091BE071450089B7D5 /* AFURLResponseSerialization.m in Sources */ = {isa = PBXBuildFile; fileRef = EC2A5EEC1BE071450089B7D5 /* AFURLResponseSerialization.m */; };
		EC2A5F0A1BE071450089B7D5 /* AFURLSessionManager.m in Sources */ = {isa = PBXBuildFile; fileRef = EC2A5EEE1BE071450089B7D5 /* AFURLSessionManager.m */; };
		EC2A5F0B1BE071450089B7D5 /* AFNetworkActivityIndicatorManager.m in Sources */ = {isa = PBXBuildFile; fileRef = EC2A5EF11BE071450089B7D5 /* AFNetworkActivityIndicatorManager.m */; };
		EC2A5F0C1BE071450089B7D5 /* UIActivityIndicatorView+AFNetworking.m in Sources */ = {isa = PBXBuildFile; fileRef = EC2A5EF31BE071450089B7D5 /* UIActivityIndicatorView+AFNetworking.m */; };
		EC2A5F0D1BE071450089B7D5 /* UIAlertView+AFNetworking.m in Sources */ = {isa = PBXBuildFile; fileRef = EC2A5EF51BE071450089B7D5 /* UIAlertView+AFNetworking.m */; };
		EC2A5F0E1BE071450089B7D5 /* UIButton+AFNetworking.m in Sources */ = {isa = PBXBuildFile; fileRef = EC2A5EF71BE071450089B7D5 /* UIButton+AFNetworking.m */; };
		EC2A5F0F1BE071450089B7D5 /* UIImageView+AFNetworking.m in Sources */ = {isa = PBXBuildFile; fileRef = EC2A5EF91BE071450089B7D5 /* UIImageView+AFNetworking.m */; };
		EC2A5F101BE071450089B7D5 /* UIProgressView+AFNetworking.m in Sources */ = {isa = PBXBuildFile; fileRef = EC2A5EFC1BE071450089B7D5 /* UIProgressView+AFNetworking.m */; };
		EC2A5F111BE071450089B7D5 /* UIRefreshControl+AFNetworking.m in Sources */ = {isa = PBXBuildFile; fileRef = EC2A5EFE1BE071450089B7D5 /* UIRefreshControl+AFNetworking.m */; };
		EC2A5F121BE071450089B7D5 /* UIWebView+AFNetworking.m in Sources */ = {isa = PBXBuildFile; fileRef = EC2A5F001BE071450089B7D5 /* UIWebView+AFNetworking.m */; };
		EC2A5F181BE071D20089B7D5 /* AFHttpTool.m in Sources */ = {isa = PBXBuildFile; fileRef = EC2A5F171BE071D20089B7D5 /* AFHttpTool.m */; };
		EC2A5F1D1BE07A590089B7D5 /* MountCellEntity.m in Sources */ = {isa = PBXBuildFile; fileRef = EC2A5F1C1BE07A590089B7D5 /* MountCellEntity.m */; };
		EC2A5F201BE07A6E0089B7D5 /* MountCell.m in Sources */ = {isa = PBXBuildFile; fileRef = EC2A5F1F1BE07A6E0089B7D5 /* MountCell.m */; };
/* End PBXBuildFile section */

/* Begin PBXContainerItemProxy section */
		EC2A5DDA1BE06FF10089B7D5 /* PBXContainerItemProxy */ = {
			isa = PBXContainerItemProxy;
			containerPortal = EC2A5DB81BE06FF10089B7D5 /* Project object */;
			proxyType = 1;
			remoteGlobalIDString = EC2A5DBF1BE06FF10089B7D5;
			remoteInfo = PullDemo;
		};
		EC2A5DE51BE06FF10089B7D5 /* PBXContainerItemProxy */ = {
			isa = PBXContainerItemProxy;
			containerPortal = EC2A5DB81BE06FF10089B7D5 /* Project object */;
			proxyType = 1;
			remoteGlobalIDString = EC2A5DBF1BE06FF10089B7D5;
			remoteInfo = PullDemo;
		};
/* End PBXContainerItemProxy section */

/* Begin PBXFileReference section */
		EC2A5DC01BE06FF10089B7D5 /* PullDemo.app */ = {isa = PBXFileReference; explicitFileType = wrapper.application; includeInIndex = 0; path = PullDemo.app; sourceTree = BUILT_PRODUCTS_DIR; };
		EC2A5DC41BE06FF10089B7D5 /* main.m */ = {isa = PBXFileReference; lastKnownFileType = sourcecode.c.objc; path = main.m; sourceTree = "<group>"; };
		EC2A5DC61BE06FF10089B7D5 /* AppDelegate.h */ = {isa = PBXFileReference; lastKnownFileType = sourcecode.c.h; path = AppDelegate.h; sourceTree = "<group>"; };
		EC2A5DC71BE06FF10089B7D5 /* AppDelegate.m */ = {isa = PBXFileReference; lastKnownFileType = sourcecode.c.objc; path = AppDelegate.m; sourceTree = "<group>"; };
		EC2A5DC91BE06FF10089B7D5 /* ViewController.h */ = {isa = PBXFileReference; lastKnownFileType = sourcecode.c.h; path = ViewController.h; sourceTree = "<group>"; };
		EC2A5DCA1BE06FF10089B7D5 /* ViewController.m */ = {isa = PBXFileReference; lastKnownFileType = sourcecode.c.objc; path = ViewController.m; sourceTree = "<group>"; };
		EC2A5DCD1BE06FF10089B7D5 /* Base */ = {isa = PBXFileReference; lastKnownFileType = file.storyboard; name = Base; path = Base.lproj/Main.storyboard; sourceTree = "<group>"; };
		EC2A5DCF1BE06FF10089B7D5 /* Assets.xcassets */ = {isa = PBXFileReference; lastKnownFileType = folder.assetcatalog; path = Assets.xcassets; sourceTree = "<group>"; };
		EC2A5DD21BE06FF10089B7D5 /* Base */ = {isa = PBXFileReference; lastKnownFileType = file.storyboard; name = Base; path = Base.lproj/LaunchScreen.storyboard; sourceTree = "<group>"; };
		EC2A5DD41BE06FF10089B7D5 /* Info.plist */ = {isa = PBXFileReference; lastKnownFileType = text.plist.xml; path = Info.plist; sourceTree = "<group>"; };
		EC2A5DD91BE06FF10089B7D5 /* PullDemoTests.xctest */ = {isa = PBXFileReference; explicitFileType = wrapper.cfbundle; includeInIndex = 0; path = PullDemoTests.xctest; sourceTree = BUILT_PRODUCTS_DIR; };
		EC2A5DDD1BE06FF10089B7D5 /* PullDemoTests.m */ = {isa = PBXFileReference; lastKnownFileType = sourcecode.c.objc; path = PullDemoTests.m; sourceTree = "<group>"; };
		EC2A5DDF1BE06FF10089B7D5 /* Info.plist */ = {isa = PBXFileReference; lastKnownFileType = text.plist.xml; path = Info.plist; sourceTree = "<group>"; };
		EC2A5DE41BE06FF10089B7D5 /* PullDemoUITests.xctest */ = {isa = PBXFileReference; explicitFileType = wrapper.cfbundle; includeInIndex = 0; path = PullDemoUITests.xctest; sourceTree = BUILT_PRODUCTS_DIR; };
		EC2A5DE81BE06FF10089B7D5 /* PullDemoUITests.m */ = {isa = PBXFileReference; lastKnownFileType = sourcecode.c.objc; path = PullDemoUITests.m; sourceTree = "<group>"; };
		EC2A5DEA1BE06FF10089B7D5 /* Info.plist */ = {isa = PBXFileReference; lastKnownFileType = text.plist.xml; path = Info.plist; sourceTree = "<group>"; };
		EC2A5EAE1BE071380089B7D5 /* NSData+ImageContentType.h */ = {isa = PBXFileReference; fileEncoding = 4; lastKnownFileType = sourcecode.c.h; path = "NSData+ImageContentType.h"; sourceTree = "<group>"; };
		EC2A5EAF1BE071380089B7D5 /* NSData+ImageContentType.m */ = {isa = PBXFileReference; fileEncoding = 4; lastKnownFileType = sourcecode.c.objc; path = "NSData+ImageContentType.m"; sourceTree = "<group>"; };
		EC2A5EB01BE071380089B7D5 /* SDImageCache.h */ = {isa = PBXFileReference; fileEncoding = 4; lastKnownFileType = sourcecode.c.h; path = SDImageCache.h; sourceTree = "<group>"; };
		EC2A5EB11BE071380089B7D5 /* SDImageCache.m */ = {isa = PBXFileReference; fileEncoding = 4; lastKnownFileType = sourcecode.c.objc; path = SDImageCache.m; sourceTree = "<group>"; };
		EC2A5EB21BE071380089B7D5 /* SDWebImageCompat.h */ = {isa = PBXFileReference; fileEncoding = 4; lastKnownFileType = sourcecode.c.h; path = SDWebImageCompat.h; sourceTree = "<group>"; };
		EC2A5EB31BE071380089B7D5 /* SDWebImageCompat.m */ = {isa = PBXFileReference; fileEncoding = 4; lastKnownFileType = sourcecode.c.objc; path = SDWebImageCompat.m; sourceTree = "<group>"; };
		EC2A5EB41BE071380089B7D5 /* SDWebImageDecoder.h */ = {isa = PBXFileReference; fileEncoding = 4; lastKnownFileType = sourcecode.c.h; path = SDWebImageDecoder.h; sourceTree = "<group>"; };
		EC2A5EB51BE071380089B7D5 /* SDWebImageDecoder.m */ = {isa = PBXFileReference; fileEncoding = 4; lastKnownFileType = sourcecode.c.objc; path = SDWebImageDecoder.m; sourceTree = "<group>"; };
		EC2A5EB61BE071380089B7D5 /* SDWebImageDownloader.h */ = {isa = PBXFileReference; fileEncoding = 4; lastKnownFileType = sourcecode.c.h; path = SDWebImageDownloader.h; sourceTree = "<group>"; };
		EC2A5EB71BE071380089B7D5 /* SDWebImageDownloader.m */ = {isa = PBXFileReference; fileEncoding = 4; lastKnownFileType = sourcecode.c.objc; path = SDWebImageDownloader.m; sourceTree = "<group>"; };
		EC2A5EB81BE071380089B7D5 /* SDWebImageDownloaderOperation.h */ = {isa = PBXFileReference; fileEncoding = 4; lastKnownFileType = sourcecode.c.h; path = SDWebImageDownloaderOperation.h; sourceTree = "<group>"; };
		EC2A5EB91BE071380089B7D5 /* SDWebImageDownloaderOperation.m */ = {isa = PBXFileReference; fileEncoding = 4; lastKnownFileType = sourcecode.c.objc; path = SDWebImageDownloaderOperation.m; sourceTree = "<group>"; };
		EC2A5EBA1BE071380089B7D5 /* SDWebImageManager.h */ = {isa = PBXFileReference; fileEncoding = 4; lastKnownFileType = sourcecode.c.h; path = SDWebImageManager.h; sourceTree = "<group>"; };
		EC2A5EBB1BE071380089B7D5 /* SDWebImageManager.m */ = {isa = PBXFileReference; fileEncoding = 4; lastKnownFileType = sourcecode.c.objc; path = SDWebImageManager.m; sourceTree = "<group>"; };
		EC2A5EBC1BE071380089B7D5 /* SDWebImageOperation.h */ = {isa = PBXFileReference; fileEncoding = 4; lastKnownFileType = sourcecode.c.h; path = SDWebImageOperation.h; sourceTree = "<group>"; };
		EC2A5EBD1BE071380089B7D5 /* SDWebImagePrefetcher.h */ = {isa = PBXFileReference; fileEncoding = 4; lastKnownFileType = sourcecode.c.h; path = SDWebImagePrefetcher.h; sourceTree = "<group>"; };
		EC2A5EBE1BE071380089B7D5 /* SDWebImagePrefetcher.m */ = {isa = PBXFileReference; fileEncoding = 4; lastKnownFileType = sourcecode.c.objc; path = SDWebImagePrefetcher.m; sourceTree = "<group>"; };
		EC2A5EBF1BE071380089B7D5 /* UIButton+WebCache.h */ = {isa = PBXFileReference; fileEncoding = 4; lastKnownFileType = sourcecode.c.h; path = "UIButton+WebCache.h"; sourceTree = "<group>"; };
		EC2A5EC01BE071380089B7D5 /* UIButton+WebCache.m */ = {isa = PBXFileReference; fileEncoding = 4; lastKnownFileType = sourcecode.c.objc; path = "UIButton+WebCache.m"; sourceTree = "<group>"; };
		EC2A5EC11BE071380089B7D5 /* UIImage+GIF.h */ = {isa = PBXFileReference; fileEncoding = 4; lastKnownFileType = sourcecode.c.h; path = "UIImage+GIF.h"; sourceTree = "<group>"; };
		EC2A5EC21BE071380089B7D5 /* UIImage+GIF.m */ = {isa = PBXFileReference; fileEncoding = 4; lastKnownFileType = sourcecode.c.objc; path = "UIImage+GIF.m"; sourceTree = "<group>"; };
		EC2A5EC31BE071380089B7D5 /* UIImage+MultiFormat.h */ = {isa = PBXFileReference; fileEncoding = 4; lastKnownFileType = sourcecode.c.h; path = "UIImage+MultiFormat.h"; sourceTree = "<group>"; };
		EC2A5EC41BE071380089B7D5 /* UIImage+MultiFormat.m */ = {isa = PBXFileReference; fileEncoding = 4; lastKnownFileType = sourcecode.c.objc; path = "UIImage+MultiFormat.m"; sourceTree = "<group>"; };
		EC2A5EC51BE071380089B7D5 /* UIImageView+HighlightedWebCache.h */ = {isa = PBXFileReference; fileEncoding = 4; lastKnownFileType = sourcecode.c.h; path = "UIImageView+HighlightedWebCache.h"; sourceTree = "<group>"; };
		EC2A5EC61BE071380089B7D5 /* UIImageView+HighlightedWebCache.m */ = {isa = PBXFileReference; fileEncoding = 4; lastKnownFileType = sourcecode.c.objc; path = "UIImageView+HighlightedWebCache.m"; sourceTree = "<group>"; };
		EC2A5EC71BE071380089B7D5 /* UIImageView+WebCache.h */ = {isa = PBXFileReference; fileEncoding = 4; lastKnownFileType = sourcecode.c.h; path = "UIImageView+WebCache.h"; sourceTree = "<group>"; };
		EC2A5EC81BE071380089B7D5 /* UIImageView+WebCache.m */ = {isa = PBXFileReference; fileEncoding = 4; lastKnownFileType = sourcecode.c.objc; path = "UIImageView+WebCache.m"; sourceTree = "<group>"; };
		EC2A5EC91BE071380089B7D5 /* UIView+WebCacheOperation.h */ = {isa = PBXFileReference; fileEncoding = 4; lastKnownFileType = sourcecode.c.h; path = "UIView+WebCacheOperation.h"; sourceTree = "<group>"; };
		EC2A5ECA1BE071380089B7D5 /* UIView+WebCacheOperation.m */ = {isa = PBXFileReference; fileEncoding = 4; lastKnownFileType = sourcecode.c.objc; path = "UIView+WebCacheOperation.m"; sourceTree = "<group>"; };
		EC2A5EDA1BE071450089B7D5 /* AFHTTPRequestOperation.h */ = {isa = PBXFileReference; fileEncoding = 4; lastKnownFileType = sourcecode.c.h; path = AFHTTPRequestOperation.h; sourceTree = "<group>"; };
		EC2A5EDB1BE071450089B7D5 /* AFHTTPRequestOperation.m */ = {isa = PBXFileReference; fileEncoding = 4; lastKnownFileType = sourcecode.c.objc; path = AFHTTPRequestOperation.m; sourceTree = "<group>"; };
		EC2A5EDC1BE071450089B7D5 /* AFHTTPRequestOperationManager.h */ = {isa = PBXFileReference; fileEncoding = 4; lastKnownFileType = sourcecode.c.h; path = AFHTTPRequestOperationManager.h; sourceTree = "<group>"; };
		EC2A5EDD1BE071450089B7D5 /* AFHTTPRequestOperationManager.m */ = {isa = PBXFileReference; fileEncoding = 4; lastKnownFileType = sourcecode.c.objc; path = AFHTTPRequestOperationManager.m; sourceTree = "<group>"; };
		EC2A5EDE1BE071450089B7D5 /* AFHTTPSessionManager.h */ = {isa = PBXFileReference; fileEncoding = 4; lastKnownFileType = sourcecode.c.h; path = AFHTTPSessionManager.h; sourceTree = "<group>"; };
		EC2A5EDF1BE071450089B7D5 /* AFHTTPSessionManager.m */ = {isa = PBXFileReference; fileEncoding = 4; lastKnownFileType = sourcecode.c.objc; path = AFHTTPSessionManager.m; sourceTree = "<group>"; };
		EC2A5EE21BE071450089B7D5 /* AFNetworking.h */ = {isa = PBXFileReference; fileEncoding = 4; lastKnownFileType = sourcecode.c.h; path = AFNetworking.h; sourceTree = "<group>"; };
		EC2A5EE31BE071450089B7D5 /* AFNetworkReachabilityManager.h */ = {isa = PBXFileReference; fileEncoding = 4; lastKnownFileType = sourcecode.c.h; path = AFNetworkReachabilityManager.h; sourceTree = "<group>"; };
		EC2A5EE41BE071450089B7D5 /* AFNetworkReachabilityManager.m */ = {isa = PBXFileReference; fileEncoding = 4; lastKnownFileType = sourcecode.c.objc; path = AFNetworkReachabilityManager.m; sourceTree = "<group>"; };
		EC2A5EE51BE071450089B7D5 /* AFSecurityPolicy.h */ = {isa = PBXFileReference; fileEncoding = 4; lastKnownFileType = sourcecode.c.h; path = AFSecurityPolicy.h; sourceTree = "<group>"; };
		EC2A5EE61BE071450089B7D5 /* AFSecurityPolicy.m */ = {isa = PBXFileReference; fileEncoding = 4; lastKnownFileType = sourcecode.c.objc; path = AFSecurityPolicy.m; sourceTree = "<group>"; };
		EC2A5EE71BE071450089B7D5 /* AFURLConnectionOperation.h */ = {isa = PBXFileReference; fileEncoding = 4; lastKnownFileType = sourcecode.c.h; path = AFURLConnectionOperation.h; sourceTree = "<group>"; };
		EC2A5EE81BE071450089B7D5 /* AFURLConnectionOperation.m */ = {isa = PBXFileReference; fileEncoding = 4; lastKnownFileType = sourcecode.c.objc; path = AFURLConnectionOperation.m; sourceTree = "<group>"; };
		EC2A5EE91BE071450089B7D5 /* AFURLRequestSerialization.h */ = {isa = PBXFileReference; fileEncoding = 4; lastKnownFileType = sourcecode.c.h; path = AFURLRequestSerialization.h; sourceTree = "<group>"; };
		EC2A5EEA1BE071450089B7D5 /* AFURLRequestSerialization.m */ = {isa = PBXFileReference; fileEncoding = 4; lastKnownFileType = sourcecode.c.objc; path = AFURLRequestSerialization.m; sourceTree = "<group>"; };
		EC2A5EEB1BE071450089B7D5 /* AFURLResponseSerialization.h */ = {isa = PBXFileReference; fileEncoding = 4; lastKnownFileType = sourcecode.c.h; path = AFURLResponseSerialization.h; sourceTree = "<group>"; };
		EC2A5EEC1BE071450089B7D5 /* AFURLResponseSerialization.m */ = {isa = PBXFileReference; fileEncoding = 4; lastKnownFileType = sourcecode.c.objc; path = AFURLResponseSerialization.m; sourceTree = "<group>"; };
		EC2A5EED1BE071450089B7D5 /* AFURLSessionManager.h */ = {isa = PBXFileReference; fileEncoding = 4; lastKnownFileType = sourcecode.c.h; path = AFURLSessionManager.h; sourceTree = "<group>"; };
		EC2A5EEE1BE071450089B7D5 /* AFURLSessionManager.m */ = {isa = PBXFileReference; fileEncoding = 4; lastKnownFileType = sourcecode.c.objc; path = AFURLSessionManager.m; sourceTree = "<group>"; };
		EC2A5EF01BE071450089B7D5 /* AFNetworkActivityIndicatorManager.h */ = {isa = PBXFileReference; fileEncoding = 4; lastKnownFileType = sourcecode.c.h; path = AFNetworkActivityIndicatorManager.h; sourceTree = "<group>"; };
		EC2A5EF11BE071450089B7D5 /* AFNetworkActivityIndicatorManager.m */ = {isa = PBXFileReference; fileEncoding = 4; lastKnownFileType = sourcecode.c.objc; path = AFNetworkActivityIndicatorManager.m; sourceTree = "<group>"; };
		EC2A5EF21BE071450089B7D5 /* UIActivityIndicatorView+AFNetworking.h */ = {isa = PBXFileReference; fileEncoding = 4; lastKnownFileType = sourcecode.c.h; path = "UIActivityIndicatorView+AFNetworking.h"; sourceTree = "<group>"; };
		EC2A5EF31BE071450089B7D5 /* UIActivityIndicatorView+AFNetworking.m */ = {isa = PBXFileReference; fileEncoding = 4; lastKnownFileType = sourcecode.c.objc; path = "UIActivityIndicatorView+AFNetworking.m"; sourceTree = "<group>"; };
		EC2A5EF41BE071450089B7D5 /* UIAlertView+AFNetworking.h */ = {isa = PBXFileReference; fileEncoding = 4; lastKnownFileType = sourcecode.c.h; path = "UIAlertView+AFNetworking.h"; sourceTree = "<group>"; };
		EC2A5EF51BE071450089B7D5 /* UIAlertView+AFNetworking.m */ = {isa = PBXFileReference; fileEncoding = 4; lastKnownFileType = sourcecode.c.objc; path = "UIAlertView+AFNetworking.m"; sourceTree = "<group>"; };
		EC2A5EF61BE071450089B7D5 /* UIButton+AFNetworking.h */ = {isa = PBXFileReference; fileEncoding = 4; lastKnownFileType = sourcecode.c.h; path = "UIButton+AFNetworking.h"; sourceTree = "<group>"; };
		EC2A5EF71BE071450089B7D5 /* UIButton+AFNetworking.m */ = {isa = PBXFileReference; fileEncoding = 4; lastKnownFileType = sourcecode.c.objc; path = "UIButton+AFNetworking.m"; sourceTree = "<group>"; };
		EC2A5EF81BE071450089B7D5 /* UIImageView+AFNetworking.h */ = {isa = PBXFileReference; fileEncoding = 4; lastKnownFileType = sourcecode.c.h; path = "UIImageView+AFNetworking.h"; sourceTree = "<group>"; };
		EC2A5EF91BE071450089B7D5 /* UIImageView+AFNetworking.m */ = {isa = PBXFileReference; fileEncoding = 4; lastKnownFileType = sourcecode.c.objc; path = "UIImageView+AFNetworking.m"; sourceTree = "<group>"; };
		EC2A5EFA1BE071450089B7D5 /* UIKit+AFNetworking.h */ = {isa = PBXFileReference; fileEncoding = 4; lastKnownFileType = sourcecode.c.h; path = "UIKit+AFNetworking.h"; sourceTree = "<group>"; };
		EC2A5EFB1BE071450089B7D5 /* UIProgressView+AFNetworking.h */ = {isa = PBXFileReference; fileEncoding = 4; lastKnownFileType = sourcecode.c.h; path = "UIProgressView+AFNetworking.h"; sourceTree = "<group>"; };
		EC2A5EFC1BE071450089B7D5 /* UIProgressView+AFNetworking.m */ = {isa = PBXFileReference; fileEncoding = 4; lastKnownFileType = sourcecode.c.objc; path = "UIProgressView+AFNetworking.m"; sourceTree = "<group>"; };
		EC2A5EFD1BE071450089B7D5 /* UIRefreshControl+AFNetworking.h */ = {isa = PBXFileReference; fileEncoding = 4; lastKnownFileType = sourcecode.c.h; path = "UIRefreshControl+AFNetworking.h"; sourceTree = "<group>"; };
		EC2A5EFE1BE071450089B7D5 /* UIRefreshControl+AFNetworking.m */ = {isa = PBXFileReference; fileEncoding = 4; lastKnownFileType = sourcecode.c.objc; path = "UIRefreshControl+AFNetworking.m"; sourceTree = "<group>"; };
		EC2A5EFF1BE071450089B7D5 /* UIWebView+AFNetworking.h */ = {isa = PBXFileReference; fileEncoding = 4; lastKnownFileType = sourcecode.c.h; path = "UIWebView+AFNetworking.h"; sourceTree = "<group>"; };
		EC2A5F001BE071450089B7D5 /* UIWebView+AFNetworking.m */ = {isa = PBXFileReference; fileEncoding = 4; lastKnownFileType = sourcecode.c.objc; path = "UIWebView+AFNetworking.m"; sourceTree = "<group>"; };
		EC2A5F161BE071D20089B7D5 /* AFHttpTool.h */ = {isa = PBXFileReference; fileEncoding = 4; lastKnownFileType = sourcecode.c.h; path = AFHttpTool.h; sourceTree = "<group>"; };
		EC2A5F171BE071D20089B7D5 /* AFHttpTool.m */ = {isa = PBXFileReference; fileEncoding = 4; lastKnownFileType = sourcecode.c.objc; path = AFHttpTool.m; sourceTree = "<group>"; };
		EC2A5F1B1BE07A590089B7D5 /* MountCellEntity.h */ = {isa = PBXFileReference; fileEncoding = 4; lastKnownFileType = sourcecode.c.h; path = MountCellEntity.h; sourceTree = "<group>"; };
		EC2A5F1C1BE07A590089B7D5 /* MountCellEntity.m */ = {isa = PBXFileReference; fileEncoding = 4; lastKnownFileType = sourcecode.c.objc; path = MountCellEntity.m; sourceTree = "<group>"; };
		EC2A5F1E1BE07A6E0089B7D5 /* MountCell.h */ = {isa = PBXFileReference; fileEncoding = 4; lastKnownFileType = sourcecode.c.h; path = MountCell.h; sourceTree = "<group>"; };
		EC2A5F1F1BE07A6E0089B7D5 /* MountCell.m */ = {isa = PBXFileReference; fileEncoding = 4; lastKnownFileType = sourcecode.c.objc; path = MountCell.m; sourceTree = "<group>"; };
		ECCB335F1BF0A7E100D716E4 /* PCH.pch */ = {isa = PBXFileReference; lastKnownFileType = sourcecode.c.h; path = PCH.pch; sourceTree = "<group>"; };
/* End PBXFileReference section */

/* Begin PBXFrameworksBuildPhase section */
		EC2A5DBD1BE06FF10089B7D5 /* Frameworks */ = {
			isa = PBXFrameworksBuildPhase;
			buildActionMask = 2147483647;
			files = (
			);
			runOnlyForDeploymentPostprocessing = 0;
		};
		EC2A5DD61BE06FF10089B7D5 /* Frameworks */ = {
			isa = PBXFrameworksBuildPhase;
			buildActionMask = 2147483647;
			files = (
			);
			runOnlyForDeploymentPostprocessing = 0;
		};
		EC2A5DE11BE06FF10089B7D5 /* Frameworks */ = {
			isa = PBXFrameworksBuildPhase;
			buildActionMask = 2147483647;
			files = (
			);
			runOnlyForDeploymentPostprocessing = 0;
		};
/* End PBXFrameworksBuildPhase section */

/* Begin PBXGroup section */
		EC2A5DB71BE06FF10089B7D5 = {
			isa = PBXGroup;
			children = (
				EC2A5F161BE071D20089B7D5 /* AFHttpTool.h */,
				EC2A5F171BE071D20089B7D5 /* AFHttpTool.m */,
				EC2A5ED91BE071450089B7D5 /* AFNetworking */,
				EC2A5EAD1BE071380089B7D5 /* SDWebImageNew */,
				EC2A5DC21BE06FF10089B7D5 /* PullDemo */,
				EC2A5DDC1BE06FF10089B7D5 /* PullDemoTests */,
				EC2A5DE71BE06FF10089B7D5 /* PullDemoUITests */,
				EC2A5DC11BE06FF10089B7D5 /* Products */,
			);
			sourceTree = "<group>";
		};
		EC2A5DC11BE06FF10089B7D5 /* Products */ = {
			isa = PBXGroup;
			children = (
				EC2A5DC01BE06FF10089B7D5 /* PullDemo.app */,
				EC2A5DD91BE06FF10089B7D5 /* PullDemoTests.xctest */,
				EC2A5DE41BE06FF10089B7D5 /* PullDemoUITests.xctest */,
			);
			name = Products;
			sourceTree = "<group>";
		};
		EC2A5DC21BE06FF10089B7D5 /* PullDemo */ = {
			isa = PBXGroup;
			children = (
				EC2A5DC61BE06FF10089B7D5 /* AppDelegate.h */,
				EC2A5DC71BE06FF10089B7D5 /* AppDelegate.m */,
				EC2A5DC91BE06FF10089B7D5 /* ViewController.h */,
				EC2A5DCA1BE06FF10089B7D5 /* ViewController.m */,
				EC2A5F1B1BE07A590089B7D5 /* MountCellEntity.h */,
				EC2A5F1C1BE07A590089B7D5 /* MountCellEntity.m */,
				EC2A5F1E1BE07A6E0089B7D5 /* MountCell.h */,
				EC2A5F1F1BE07A6E0089B7D5 /* MountCell.m */,
				EC2A5DCC1BE06FF10089B7D5 /* Main.storyboard */,
				EC2A5DCF1BE06FF10089B7D5 /* Assets.xcassets */,
				EC2A5DD11BE06FF10089B7D5 /* LaunchScreen.storyboard */,
				EC2A5DD41BE06FF10089B7D5 /* Info.plist */,
				ECCB335F1BF0A7E100D716E4 /* PCH.pch */,
				EC2A5DC31BE06FF10089B7D5 /* Supporting Files */,
			);
			path = PullDemo;
			sourceTree = "<group>";
		};
		EC2A5DC31BE06FF10089B7D5 /* Supporting Files */ = {
			isa = PBXGroup;
			children = (
				EC2A5DC41BE06FF10089B7D5 /* main.m */,
			);
			name = "Supporting Files";
			sourceTree = "<group>";
		};
		EC2A5DDC1BE06FF10089B7D5 /* PullDemoTests */ = {
			isa = PBXGroup;
			children = (
				EC2A5DDD1BE06FF10089B7D5 /* PullDemoTests.m */,
				EC2A5DDF1BE06FF10089B7D5 /* Info.plist */,
			);
			path = PullDemoTests;
			sourceTree = "<group>";
		};
		EC2A5DE71BE06FF10089B7D5 /* PullDemoUITests */ = {
			isa = PBXGroup;
			children = (
				EC2A5DE81BE06FF10089B7D5 /* PullDemoUITests.m */,
				EC2A5DEA1BE06FF10089B7D5 /* Info.plist */,
			);
			path = PullDemoUITests;
			sourceTree = "<group>";
		};
		EC2A5EAD1BE071380089B7D5 /* SDWebImageNew */ = {
			isa = PBXGroup;
			children = (
				EC2A5EAE1BE071380089B7D5 /* NSData+ImageContentType.h */,
				EC2A5EAF1BE071380089B7D5 /* NSData+ImageContentType.m */,
				EC2A5EB01BE071380089B7D5 /* SDImageCache.h */,
				EC2A5EB11BE071380089B7D5 /* SDImageCache.m */,
				EC2A5EB21BE071380089B7D5 /* SDWebImageCompat.h */,
				EC2A5EB31BE071380089B7D5 /* SDWebImageCompat.m */,
				EC2A5EB41BE071380089B7D5 /* SDWebImageDecoder.h */,
				EC2A5EB51BE071380089B7D5 /* SDWebImageDecoder.m */,
				EC2A5EB61BE071380089B7D5 /* SDWebImageDownloader.h */,
				EC2A5EB71BE071380089B7D5 /* SDWebImageDownloader.m */,
				EC2A5EB81BE071380089B7D5 /* SDWebImageDownloaderOperation.h */,
				EC2A5EB91BE071380089B7D5 /* SDWebImageDownloaderOperation.m */,
				EC2A5EBA1BE071380089B7D5 /* SDWebImageManager.h */,
				EC2A5EBB1BE071380089B7D5 /* SDWebImageManager.m */,
				EC2A5EBC1BE071380089B7D5 /* SDWebImageOperation.h */,
				EC2A5EBD1BE071380089B7D5 /* SDWebImagePrefetcher.h */,
				EC2A5EBE1BE071380089B7D5 /* SDWebImagePrefetcher.m */,
				EC2A5EBF1BE071380089B7D5 /* UIButton+WebCache.h */,
				EC2A5EC01BE071380089B7D5 /* UIButton+WebCache.m */,
				EC2A5EC11BE071380089B7D5 /* UIImage+GIF.h */,
				EC2A5EC21BE071380089B7D5 /* UIImage+GIF.m */,
				EC2A5EC31BE071380089B7D5 /* UIImage+MultiFormat.h */,
				EC2A5EC41BE071380089B7D5 /* UIImage+MultiFormat.m */,
				EC2A5EC51BE071380089B7D5 /* UIImageView+HighlightedWebCache.h */,
				EC2A5EC61BE071380089B7D5 /* UIImageView+HighlightedWebCache.m */,
				EC2A5EC71BE071380089B7D5 /* UIImageView+WebCache.h */,
				EC2A5EC81BE071380089B7D5 /* UIImageView+WebCache.m */,
				EC2A5EC91BE071380089B7D5 /* UIView+WebCacheOperation.h */,
				EC2A5ECA1BE071380089B7D5 /* UIView+WebCacheOperation.m */,
			);
			path = SDWebImageNew;
			sourceTree = "<group>";
		};
		EC2A5ED91BE071450089B7D5 /* AFNetworking */ = {
			isa = PBXGroup;
			children = (
				EC2A5EDA1BE071450089B7D5 /* AFHTTPRequestOperation.h */,
				EC2A5EDB1BE071450089B7D5 /* AFHTTPRequestOperation.m */,
				EC2A5EDC1BE071450089B7D5 /* AFHTTPRequestOperationManager.h */,
				EC2A5EDD1BE071450089B7D5 /* AFHTTPRequestOperationManager.m */,
				EC2A5EDE1BE071450089B7D5 /* AFHTTPSessionManager.h */,
				EC2A5EDF1BE071450089B7D5 /* AFHTTPSessionManager.m */,
				EC2A5EE21BE071450089B7D5 /* AFNetworking.h */,
				EC2A5EE31BE071450089B7D5 /* AFNetworkReachabilityManager.h */,
				EC2A5EE41BE071450089B7D5 /* AFNetworkReachabilityManager.m */,
				EC2A5EE51BE071450089B7D5 /* AFSecurityPolicy.h */,
				EC2A5EE61BE071450089B7D5 /* AFSecurityPolicy.m */,
				EC2A5EE71BE071450089B7D5 /* AFURLConnectionOperation.h */,
				EC2A5EE81BE071450089B7D5 /* AFURLConnectionOperation.m */,
				EC2A5EE91BE071450089B7D5 /* AFURLRequestSerialization.h */,
				EC2A5EEA1BE071450089B7D5 /* AFURLRequestSerialization.m */,
				EC2A5EEB1BE071450089B7D5 /* AFURLResponseSerialization.h */,
				EC2A5EEC1BE071450089B7D5 /* AFURLResponseSerialization.m */,
				EC2A5EED1BE071450089B7D5 /* AFURLSessionManager.h */,
				EC2A5EEE1BE071450089B7D5 /* AFURLSessionManager.m */,
				EC2A5EEF1BE071450089B7D5 /* UIKit+AFNetworking */,
			);
			path = AFNetworking;
			sourceTree = "<group>";
		};
		EC2A5EEF1BE071450089B7D5 /* UIKit+AFNetworking */ = {
			isa = PBXGroup;
			children = (
				EC2A5EF01BE071450089B7D5 /* AFNetworkActivityIndicatorManager.h */,
				EC2A5EF11BE071450089B7D5 /* AFNetworkActivityIndicatorManager.m */,
				EC2A5EF21BE071450089B7D5 /* UIActivityIndicatorView+AFNetworking.h */,
				EC2A5EF31BE071450089B7D5 /* UIActivityIndicatorView+AFNetworking.m */,
				EC2A5EF41BE071450089B7D5 /* UIAlertView+AFNetworking.h */,
				EC2A5EF51BE071450089B7D5 /* UIAlertView+AFNetworking.m */,
				EC2A5EF61BE071450089B7D5 /* UIButton+AFNetworking.h */,
				EC2A5EF71BE071450089B7D5 /* UIButton+AFNetworking.m */,
				EC2A5EF81BE071450089B7D5 /* UIImageView+AFNetworking.h */,
				EC2A5EF91BE071450089B7D5 /* UIImageView+AFNetworking.m */,
				EC2A5EFA1BE071450089B7D5 /* UIKit+AFNetworking.h */,
				EC2A5EFB1BE071450089B7D5 /* UIProgressView+AFNetworking.h */,
				EC2A5EFC1BE071450089B7D5 /* UIProgressView+AFNetworking.m */,
				EC2A5EFD1BE071450089B7D5 /* UIRefreshControl+AFNetworking.h */,
				EC2A5EFE1BE071450089B7D5 /* UIRefreshControl+AFNetworking.m */,
				EC2A5EFF1BE071450089B7D5 /* UIWebView+AFNetworking.h */,
				EC2A5F001BE071450089B7D5 /* UIWebView+AFNetworking.m */,
			);
			path = "UIKit+AFNetworking";
			sourceTree = "<group>";
		};
/* End PBXGroup section */

/* Begin PBXNativeTarget section */
		EC2A5DBF1BE06FF10089B7D5 /* PullDemo */ = {
			isa = PBXNativeTarget;
			buildConfigurationList = EC2A5DED1BE06FF10089B7D5 /* Build configuration list for PBXNativeTarget "PullDemo" */;
			buildPhases = (
				EC2A5DBC1BE06FF10089B7D5 /* Sources */,
				EC2A5DBD1BE06FF10089B7D5 /* Frameworks */,
				EC2A5DBE1BE06FF10089B7D5 /* Resources */,
			);
			buildRules = (
			);
			dependencies = (
			);
			name = PullDemo;
			productName = PullDemo;
			productReference = EC2A5DC01BE06FF10089B7D5 /* PullDemo.app */;
			productType = "com.apple.product-type.application";
		};
		EC2A5DD81BE06FF10089B7D5 /* PullDemoTests */ = {
			isa = PBXNativeTarget;
			buildConfigurationList = EC2A5DF01BE06FF10089B7D5 /* Build configuration list for PBXNativeTarget "PullDemoTests" */;
			buildPhases = (
				EC2A5DD51BE06FF10089B7D5 /* Sources */,
				EC2A5DD61BE06FF10089B7D5 /* Frameworks */,
				EC2A5DD71BE06FF10089B7D5 /* Resources */,
			);
			buildRules = (
			);
			dependencies = (
				EC2A5DDB1BE06FF10089B7D5 /* PBXTargetDependency */,
			);
			name = PullDemoTests;
			productName = PullDemoTests;
			productReference = EC2A5DD91BE06FF10089B7D5 /* PullDemoTests.xctest */;
			productType = "com.apple.product-type.bundle.unit-test";
		};
		EC2A5DE31BE06FF10089B7D5 /* PullDemoUITests */ = {
			isa = PBXNativeTarget;
			buildConfigurationList = EC2A5DF31BE06FF10089B7D5 /* Build configuration list for PBXNativeTarget "PullDemoUITests" */;
			buildPhases = (
				EC2A5DE01BE06FF10089B7D5 /* Sources */,
				EC2A5DE11BE06FF10089B7D5 /* Frameworks */,
				EC2A5DE21BE06FF10089B7D5 /* Resources */,
			);
			buildRules = (
			);
			dependencies = (
				EC2A5DE61BE06FF10089B7D5 /* PBXTargetDependency */,
			);
			name = PullDemoUITests;
			productName = PullDemoUITests;
			productReference = EC2A5DE41BE06FF10089B7D5 /* PullDemoUITests.xctest */;
			productType = "com.apple.product-type.bundle.ui-testing";
		};
/* End PBXNativeTarget section */

/* Begin PBXProject section */
		EC2A5DB81BE06FF10089B7D5 /* Project object */ = {
			isa = PBXProject;
			attributes = {
				LastUpgradeCheck = 0710;
				ORGANIZATIONNAME = haibin;
				TargetAttributes = {
					EC2A5DBF1BE06FF10089B7D5 = {
						CreatedOnToolsVersion = 7.1;
					};
					EC2A5DD81BE06FF10089B7D5 = {
						CreatedOnToolsVersion = 7.1;
						TestTargetID = EC2A5DBF1BE06FF10089B7D5;
					};
					EC2A5DE31BE06FF10089B7D5 = {
						CreatedOnToolsVersion = 7.1;
						TestTargetID = EC2A5DBF1BE06FF10089B7D5;
					};
				};
			};
			buildConfigurationList = EC2A5DBB1BE06FF10089B7D5 /* Build configuration list for PBXProject "PullDemo" */;
			compatibilityVersion = "Xcode 3.2";
			developmentRegion = English;
			hasScannedForEncodings = 0;
			knownRegions = (
				en,
				Base,
			);
			mainGroup = EC2A5DB71BE06FF10089B7D5;
			productRefGroup = EC2A5DC11BE06FF10089B7D5 /* Products */;
			projectDirPath = "";
			projectRoot = "";
			targets = (
				EC2A5DBF1BE06FF10089B7D5 /* PullDemo */,
				EC2A5DD81BE06FF10089B7D5 /* PullDemoTests */,
				EC2A5DE31BE06FF10089B7D5 /* PullDemoUITests */,
			);
		};
/* End PBXProject section */

/* Begin PBXResourcesBuildPhase section */
		EC2A5DBE1BE06FF10089B7D5 /* Resources */ = {
			isa = PBXResourcesBuildPhase;
			buildActionMask = 2147483647;
			files = (
				EC2A5DD31BE06FF10089B7D5 /* LaunchScreen.storyboard in Resources */,
				EC2A5DD01BE06FF10089B7D5 /* Assets.xcassets in Resources */,
				EC2A5DCE1BE06FF10089B7D5 /* Main.storyboard in Resources */,
			);
			runOnlyForDeploymentPostprocessing = 0;
		};
		EC2A5DD71BE06FF10089B7D5 /* Resources */ = {
			isa = PBXResourcesBuildPhase;
			buildActionMask = 2147483647;
			files = (
			);
			runOnlyForDeploymentPostprocessing = 0;
		};
		EC2A5DE21BE06FF10089B7D5 /* Resources */ = {
			isa = PBXResourcesBuildPhase;
			buildActionMask = 2147483647;
			files = (
			);
			runOnlyForDeploymentPostprocessing = 0;
		};
/* End PBXResourcesBuildPhase section */

/* Begin PBXSourcesBuildPhase section */
		EC2A5DBC1BE06FF10089B7D5 /* Sources */ = {
			isa = PBXSourcesBuildPhase;
			buildActionMask = 2147483647;
			files = (
				EC2A5F011BE071450089B7D5 /* AFHTTPRequestOperation.m in Sources */,
				EC2A5ED81BE071380089B7D5 /* UIView+WebCacheOperation.m in Sources */,
				EC2A5F061BE071450089B7D5 /* AFSecurityPolicy.m in Sources */,
				EC2A5ED41BE071380089B7D5 /* UIImage+GIF.m in Sources */,
				EC2A5ECF1BE071380089B7D5 /* SDWebImageDownloader.m in Sources */,
				EC2A5ED31BE071380089B7D5 /* UIButton+WebCache.m in Sources */,
				EC2A5ED61BE071380089B7D5 /* UIImageView+HighlightedWebCache.m in Sources */,
				EC2A5F1D1BE07A590089B7D5 /* MountCellEntity.m in Sources */,
				EC2A5ECE1BE071380089B7D5 /* SDWebImageDecoder.m in Sources */,
				EC2A5F031BE071450089B7D5 /* AFHTTPSessionManager.m in Sources */,
				EC2A5F0E1BE071450089B7D5 /* UIButton+AFNetworking.m in Sources */,
				EC2A5DCB1BE06FF10089B7D5 /* ViewController.m in Sources */,
				EC2A5F0F1BE071450089B7D5 /* UIImageView+AFNetworking.m in Sources */,
				EC2A5F181BE071D20089B7D5 /* AFHttpTool.m in Sources */,
				EC2A5F101BE071450089B7D5 /* UIProgressView+AFNetworking.m in Sources */,
				EC2A5ECD1BE071380089B7D5 /* SDWebImageCompat.m in Sources */,
				EC2A5F201BE07A6E0089B7D5 /* MountCell.m in Sources */,
				EC2A5F0B1BE071450089B7D5 /* AFNetworkActivityIndicatorManager.m in Sources */,
				EC2A5DC81BE06FF10089B7D5 /* AppDelegate.m in Sources */,
				EC2A5F121BE071450089B7D5 /* UIWebView+AFNetworking.m in Sources */,
				EC2A5ECB1BE071380089B7D5 /* NSData+ImageContentType.m in Sources */,
				EC2A5ED01BE071380089B7D5 /* SDWebImageDownloaderOperation.m in Sources */,
				EC2A5ED71BE071380089B7D5 /* UIImageView+WebCache.m in Sources */,
				EC2A5F071BE071450089B7D5 /* AFURLConnectionOperation.m in Sources */,
				EC2A5F081BE071450089B7D5 /* AFURLRequestSerialization.m in Sources */,
				EC2A5F0A1BE071450089B7D5 /* AFURLSessionManager.m in Sources */,
				EC2A5F091BE071450089B7D5 /* AFURLResponseSerialization.m in Sources */,
				EC2A5F111BE071450089B7D5 /* UIRefreshControl+AFNetworking.m in Sources */,
				EC2A5ED11BE071380089B7D5 /* SDWebImageManager.m in Sources */,
				EC2A5F0C1BE071450089B7D5 /* UIActivityIndicatorView+AFNetworking.m in Sources */,
				EC2A5ED51BE071380089B7D5 /* UIImage+MultiFormat.m in Sources */,
				EC2A5F0D1BE071450089B7D5 /* UIAlertView+AFNetworking.m in Sources */,
				EC2A5ED21BE071380089B7D5 /* SDWebImagePrefetcher.m in Sources */,
				EC2A5DC51BE06FF10089B7D5 /* main.m in Sources */,
				EC2A5F021BE071450089B7D5 /* AFHTTPRequestOperationManager.m in Sources */,
				EC2A5F051BE071450089B7D5 /* AFNetworkReachabilityManager.m in Sources */,
				EC2A5ECC1BE071380089B7D5 /* SDImageCache.m in Sources */,
			);
			runOnlyForDeploymentPostprocessing = 0;
		};
		EC2A5DD51BE06FF10089B7D5 /* Sources */ = {
			isa = PBXSourcesBuildPhase;
			buildActionMask = 2147483647;
			files = (
				EC2A5DDE1BE06FF10089B7D5 /* PullDemoTests.m in Sources */,
			);
			runOnlyForDeploymentPostprocessing = 0;
		};
		EC2A5DE01BE06FF10089B7D5 /* Sources */ = {
			isa = PBXSourcesBuildPhase;
			buildActionMask = 2147483647;
			files = (
				EC2A5DE91BE06FF10089B7D5 /* PullDemoUITests.m in Sources */,
			);
			runOnlyForDeploymentPostprocessing = 0;
		};
/* End PBXSourcesBuildPhase section */

/* Begin PBXTargetDependency section */
		EC2A5DDB1BE06FF10089B7D5 /* PBXTargetDependency */ = {
			isa = PBXTargetDependency;
			target = EC2A5DBF1BE06FF10089B7D5 /* PullDemo */;
			targetProxy = EC2A5DDA1BE06FF10089B7D5 /* PBXContainerItemProxy */;
		};
		EC2A5DE61BE06FF10089B7D5 /* PBXTargetDependency */ = {
			isa = PBXTargetDependency;
			target = EC2A5DBF1BE06FF10089B7D5 /* PullDemo */;
			targetProxy = EC2A5DE51BE06FF10089B7D5 /* PBXContainerItemProxy */;
		};
/* End PBXTargetDependency section */

/* Begin PBXVariantGroup section */
		EC2A5DCC1BE06FF10089B7D5 /* Main.storyboard */ = {
			isa = PBXVariantGroup;
			children = (
				EC2A5DCD1BE06FF10089B7D5 /* Base */,
			);
			name = Main.storyboard;
			sourceTree = "<group>";
		};
		EC2A5DD11BE06FF10089B7D5 /* LaunchScreen.storyboard */ = {
			isa = PBXVariantGroup;
			children = (
				EC2A5DD21BE06FF10089B7D5 /* Base */,
			);
			name = LaunchScreen.storyboard;
			sourceTree = "<group>";
		};
/* End PBXVariantGroup section */

/* Begin XCBuildConfiguration section */
		EC2A5DEB1BE06FF10089B7D5 /* Debug */ = {
			isa = XCBuildConfiguration;
			buildSettings = {
				ALWAYS_SEARCH_USER_PATHS = NO;
				CLANG_CXX_LANGUAGE_STANDARD = "gnu++0x";
				CLANG_CXX_LIBRARY = "libc++";
				CLANG_ENABLE_MODULES = YES;
				CLANG_ENABLE_OBJC_ARC = YES;
				CLANG_WARN_BOOL_CONVERSION = YES;
				CLANG_WARN_CONSTANT_CONVERSION = YES;
				CLANG_WARN_DIRECT_OBJC_ISA_USAGE = YES_ERROR;
				CLANG_WARN_EMPTY_BODY = YES;
				CLANG_WARN_ENUM_CONVERSION = YES;
				CLANG_WARN_INT_CONVERSION = YES;
				CLANG_WARN_OBJC_ROOT_CLASS = YES_ERROR;
				CLANG_WARN_UNREACHABLE_CODE = YES;
				CLANG_WARN__DUPLICATE_METHOD_MATCH = YES;
				"CODE_SIGN_IDENTITY[sdk=iphoneos*]" = "iPhone Developer";
				COPY_PHASE_STRIP = NO;
				DEBUG_INFORMATION_FORMAT = dwarf;
				ENABLE_STRICT_OBJC_MSGSEND = YES;
				ENABLE_TESTABILITY = YES;
				GCC_C_LANGUAGE_STANDARD = gnu99;
				GCC_DYNAMIC_NO_PIC = NO;
				GCC_NO_COMMON_BLOCKS = YES;
				GCC_OPTIMIZATION_LEVEL = 0;
				GCC_PREPROCESSOR_DEFINITIONS = (
					"DEBUG=1",
					"$(inherited)",
				);
				GCC_WARN_64_TO_32_BIT_CONVERSION = YES;
				GCC_WARN_ABOUT_RETURN_TYPE = YES_ERROR;
				GCC_WARN_UNDECLARED_SELECTOR = YES;
				GCC_WARN_UNINITIALIZED_AUTOS = YES_AGGRESSIVE;
				GCC_WARN_UNUSED_FUNCTION = YES;
				GCC_WARN_UNUSED_VARIABLE = YES;
				IPHONEOS_DEPLOYMENT_TARGET = 9.1;
				MTL_ENABLE_DEBUG_INFO = YES;
				ONLY_ACTIVE_ARCH = YES;
				SDKROOT = iphoneos;
				TARGETED_DEVICE_FAMILY = "1,2";
			};
			name = Debug;
		};
		EC2A5DEC1BE06FF10089B7D5 /* Release */ = {
			isa = XCBuildConfiguration;
			buildSettings = {
				ALWAYS_SEARCH_USER_PATHS = NO;
				CLANG_CXX_LANGUAGE_STANDARD = "gnu++0x";
				CLANG_CXX_LIBRARY = "libc++";
				CLANG_ENABLE_MODULES = YES;
				CLANG_ENABLE_OBJC_ARC = YES;
				CLANG_WARN_BOOL_CONVERSION = YES;
				CLANG_WARN_CONSTANT_CONVERSION = YES;
				CLANG_WARN_DIRECT_OBJC_ISA_USAGE = YES_ERROR;
				CLANG_WARN_EMPTY_BODY = YES;
				CLANG_WARN_ENUM_CONVERSION = YES;
				CLANG_WARN_INT_CONVERSION = YES;
				CLANG_WARN_OBJC_ROOT_CLASS = YES_ERROR;
				CLANG_WARN_UNREACHABLE_CODE = YES;
				CLANG_WARN__DUPLICATE_METHOD_MATCH = YES;
				"CODE_SIGN_IDENTITY[sdk=iphoneos*]" = "iPhone Developer";
				COPY_PHASE_STRIP = NO;
				DEBUG_INFORMATION_FORMAT = "dwarf-with-dsym";
				ENABLE_NS_ASSERTIONS = NO;
				ENABLE_STRICT_OBJC_MSGSEND = YES;
				GCC_C_LANGUAGE_STANDARD = gnu99;
				GCC_NO_COMMON_BLOCKS = YES;
				GCC_WARN_64_TO_32_BIT_CONVERSION = YES;
				GCC_WARN_ABOUT_RETURN_TYPE = YES_ERROR;
				GCC_WARN_UNDECLARED_SELECTOR = YES;
				GCC_WARN_UNINITIALIZED_AUTOS = YES_AGGRESSIVE;
				GCC_WARN_UNUSED_FUNCTION = YES;
				GCC_WARN_UNUSED_VARIABLE = YES;
				IPHONEOS_DEPLOYMENT_TARGET = 9.1;
				MTL_ENABLE_DEBUG_INFO = NO;
				SDKROOT = iphoneos;
				TARGETED_DEVICE_FAMILY = "1,2";
				VALIDATE_PRODUCT = YES;
			};
			name = Release;
		};
		EC2A5DEE1BE06FF10089B7D5 /* Debug */ = {
			isa = XCBuildConfiguration;
			buildSettings = {
				ASSETCATALOG_COMPILER_APPICON_NAME = AppIcon;
				GCC_PREFIX_HEADER = "$(SRCROOT)/PullDemo/PCH.pch";
				INFOPLIST_FILE = PullDemo/Info.plist;
				IPHONEOS_DEPLOYMENT_TARGET = 7.0;
				LD_RUNPATH_SEARCH_PATHS = "$(inherited) @executable_path/Frameworks";
				PRODUCT_BUNDLE_IDENTIFIER = cn.com.GHB.PullDemo;
				PRODUCT_NAME = "$(TARGET_NAME)";
			};
			name = Debug;
		};
		EC2A5DEF1BE06FF10089B7D5 /* Release */ = {
			isa = XCBuildConfiguration;
			buildSettings = {
				ASSETCATALOG_COMPILER_APPICON_NAME = AppIcon;
				GCC_PREFIX_HEADER = "$(SRCROOT)/PullDemo/PCH.pch";
				INFOPLIST_FILE = PullDemo/Info.plist;
				IPHONEOS_DEPLOYMENT_TARGET = 7.0;
				LD_RUNPATH_SEARCH_PATHS = "$(inherited) @executable_path/Frameworks";
				PRODUCT_BUNDLE_IDENTIFIER = cn.com.GHB.PullDemo;
				PRODUCT_NAME = "$(TARGET_NAME)";
			};
			name = Release;
		};
		EC2A5DF11BE06FF10089B7D5 /* Debug */ = {
			isa = XCBuildConfiguration;
			buildSettings = {
				BUNDLE_LOADER = "$(TEST_HOST)";
				INFOPLIST_FILE = PullDemoTests/Info.plist;
				LD_RUNPATH_SEARCH_PATHS = "$(inherited) @executable_path/Frameworks @loader_path/Frameworks";
				PRODUCT_BUNDLE_IDENTIFIER = cn.com.GHB.PullDemoTests;
				PRODUCT_NAME = "$(TARGET_NAME)";
				TEST_HOST = "$(BUILT_PRODUCTS_DIR)/PullDemo.app/PullDemo";
			};
			name = Debug;
		};
		EC2A5DF21BE06FF10089B7D5 /* Release */ = {
			isa = XCBuildConfiguration;
			buildSettings = {
				BUNDLE_LOADER = "$(TEST_HOST)";
				INFOPLIST_FILE = PullDemoTests/Info.plist;
				LD_RUNPATH_SEARCH_PATHS = "$(inherited) @executable_path/Frameworks @loader_path/Frameworks";
				PRODUCT_BUNDLE_IDENTIFIER = cn.com.GHB.PullDemoTests;
				PRODUCT_NAME = "$(TARGET_NAME)";
				TEST_HOST = "$(BUILT_PRODUCTS_DIR)/PullDemo.app/PullDemo";
			};
			name = Release;
		};
		EC2A5DF41BE06FF10089B7D5 /* Debug */ = {
			isa = XCBuildConfiguration;
			buildSettings = {
				INFOPLIST_FILE = PullDemoUITests/Info.plist;
				LD_RUNPATH_SEARCH_PATHS = "$(inherited) @executable_path/Frameworks @loader_path/Frameworks";
				PRODUCT_BUNDLE_IDENTIFIER = cn.com.GHB.PullDemoUITests;
				PRODUCT_NAME = "$(TARGET_NAME)";
				TEST_TARGET_NAME = PullDemo;
				USES_XCTRUNNER = YES;
			};
			name = Debug;
		};
		EC2A5DF51BE06FF10089B7D5 /* Release */ = {
			isa = XCBuildConfiguration;
			buildSettings = {
				INFOPLIST_FILE = PullDemoUITests/Info.plist;
				LD_RUNPATH_SEARCH_PATHS = "$(inherited) @executable_path/Frameworks @loader_path/Frameworks";
				PRODUCT_BUNDLE_IDENTIFIER = cn.com.GHB.PullDemoUITests;
				PRODUCT_NAME = "$(TARGET_NAME)";
				TEST_TARGET_NAME = PullDemo;
				USES_XCTRUNNER = YES;
			};
			name = Release;
		};
/* End XCBuildConfiguration section */

/* Begin XCConfigurationList section */
		EC2A5DBB1BE06FF10089B7D5 /* Build configuration list for PBXProject "PullDemo" */ = {
			isa = XCConfigurationList;
			buildConfigurations = (
				EC2A5DEB1BE06FF10089B7D5 /* Debug */,
				EC2A5DEC1BE06FF10089B7D5 /* Release */,
			);
			defaultConfigurationIsVisible = 0;
			defaultConfigurationName = Release;
		};
		EC2A5DED1BE06FF10089B7D5 /* Build configuration list for PBXNativeTarget "PullDemo" */ = {
			isa = XCConfigurationList;
			buildConfigurations = (
				EC2A5DEE1BE06FF10089B7D5 /* Debug */,
				EC2A5DEF1BE06FF10089B7D5 /* Release */,
			);
			defaultConfigurationIsVisible = 0;
			defaultConfigurationName = Release;
		};
		EC2A5DF01BE06FF10089B7D5 /* Build configuration list for PBXNativeTarget "PullDemoTests" */ = {
			isa = XCConfigurationList;
			buildConfigurations = (
				EC2A5DF11BE06FF10089B7D5 /* Debug */,
				EC2A5DF21BE06FF10089B7D5 /* Release */,
			);
			defaultConfigurationIsVisible = 0;
			defaultConfigurationName = Release;
		};
		EC2A5DF31BE06FF10089B7D5 /* Build configuration list for PBXNativeTarget "PullDemoUITests" */ = {
			isa = XCConfigurationList;
			buildConfigurations = (
				EC2A5DF41BE06FF10089B7D5 /* Debug */,
				EC2A5DF51BE06FF10089B7D5 /* Release */,
			);
			defaultConfigurationIsVisible = 0;
			defaultConfigurationName = Release;
		};
/* End XCConfigurationList section */
	};
	rootObject = EC2A5DB81BE06FF10089B7D5 /* Project object */;
}
